
Microsoft Visual Studio Solution File, Format Version 11.00
# Visual Studio 2010
Project("{FAE04EC0-301F-11D3-BF4B-00C04F79EFBC}") = "HookingAway", "Assembly-CSharp.csproj", "{CECFC396-A3A6-E996-6F19-A1937E72ADFF}"
EndProject
Project("{FAE04EC0-301F-11D3-BF4B-00C04F79EFBC}") = "HookingAway", "Assembly-CSharp-Editor.csproj", "{567D1AD1-498C-CA49-6B8A-8A92243748A1}"
EndProject
Global
	GlobalSection(SolutionConfigurationPlatforms) = preSolution
		Debug|Any CPU = Debug|Any CPU
		Release|Any CPU = Release|Any CPU
	EndGlobalSection
	GlobalSection(ProjectConfigurationPlatforms) = postSolution
		{CECFC396-A3A6-E996-6F19-A1937E72ADFF}.Debug|Any CPU.ActiveCfg = Debug|Any CPU
		{CECFC396-A3A6-E996-6F19-A1937E72ADFF}.Debug|Any CPU.Build.0 = Debug|Any CPU
		{CECFC396-A3A6-E996-6F19-A1937E72ADFF}.Release|Any CPU.ActiveCfg = Release|Any CPU
		{CECFC396-A3A6-E996-6F19-A1937E72ADFF}.Release|Any CPU.Build.0 = Release|Any CPU
		{567D1AD1-498C-CA49-6B8A-8A92243748A1}.Debug|Any CPU.ActiveCfg = Debug|Any CPU
		{567D1AD1-498C-CA49-6B8A-8A92243748A1}.Debug|Any CPU.Build.0 = Debug|Any CPU
		{567D1AD1-498C-CA49-6B8A-8A92243748A1}.Release|Any CPU.ActiveCfg = Release|Any CPU
		{567D1AD1-498C-CA49-6B8A-8A92243748A1}.Release|Any CPU.Build.0 = Release|Any CPU
	EndGlobalSection
	GlobalSection(SolutionProperties) = preSolution
		HideSolutionNode = FALSE
	EndGlobalSection
	GlobalSection(MonoDevelopProperties) = preSolution
		StartupItem = Assembly-CSharp.csproj
	EndGlobalSection
EndGlobal
